
Microsoft Visual Studio Solution File, Format Version 12.00
# Visual Studio Version 17
VisualStudioVersion = 17.13.35818.85 d17.13
MinimumVisualStudioVersion = 10.0.40219.1
Project("{54A90642-561A-4BB1-A94E-469ADEE60C69}") = "deliveryproductapi.client", "deliveryproductapi.client\deliveryproductapi.client.esproj", "{1340F70C-B2FC-DB2F-AECC-437AFED4C161}"
EndProject
Project("{FAE04EC0-301F-11D3-BF4B-00C04F79EFBC}") = "DeliveryProductAPI.Server", "DeliveryProductAPI.Server\DeliveryProductAPI.Server.csproj", "{8D4BB890-E4D6-4BC6-90C5-9C86BB29FE8B}"
EndProject
Global
	GlobalSection(SolutionConfigurationPlatforms) = preSolution
		Debug|Any CPU = Debug|Any CPU
		Release|Any CPU = Release|Any CPU
	EndGlobalSection
	GlobalSection(ProjectConfigurationPlatforms) = postSolution
		{1340F70C-B2FC-DB2F-AECC-437AFED4C161}.Debug|Any CPU.ActiveCfg = Debug|Any CPU
		{1340F70C-B2FC-DB2F-AECC-437AFED4C161}.Debug|Any CPU.Build.0 = Debug|Any CPU
		{1340F70C-B2FC-DB2F-AECC-437AFED4C161}.Debug|Any CPU.Deploy.0 = Debug|Any CPU
		{1340F70C-B2FC-DB2F-AECC-437AFED4C161}.Release|Any CPU.ActiveCfg = Release|Any CPU
		{1340F70C-B2FC-DB2F-AECC-437AFED4C161}.Release|Any CPU.Build.0 = Release|Any CPU
		{1340F70C-B2FC-DB2F-AECC-437AFED4C161}.Release|Any CPU.Deploy.0 = Release|Any CPU
		{8D4BB890-E4D6-4BC6-90C5-9C86BB29FE8B}.Debug|Any CPU.ActiveCfg = Debug|Any CPU
		{8D4BB890-E4D6-4BC6-90C5-9C86BB29FE8B}.Debug|Any CPU.Build.0 = Debug|Any CPU
		{8D4BB890-E4D6-4BC6-90C5-9C86BB29FE8B}.Release|Any CPU.ActiveCfg = Release|Any CPU
		{8D4BB890-E4D6-4BC6-90C5-9C86BB29FE8B}.Release|Any CPU.Build.0 = Release|Any CPU
	EndGlobalSection
	GlobalSection(SolutionProperties) = preSolution
		HideSolutionNode = FALSE
	EndGlobalSection
	GlobalSection(ExtensibilityGlobals) = postSolution
		SolutionGuid = {FD08AB07-5279-471D-850E-72C2E9BA49EE}
	EndGlobalSection
EndGlobal
